
Microsoft Visual Studio Solution File, Format Version 12.00
# Visual Studio Version 17
VisualStudioVersion = 17.0.31919.166
MinimumVisualStudioVersion = 10.0.40219.1
Project("{FAE04EC0-301F-11D3-BF4B-00C04F79EFBC}") = "BAI2", "BAI2\BAI2.csproj", "{F226DABB-2FCF-410F-A31E-2A625364664A}"
EndProject
Global
	GlobalSection(SolutionConfigurationPlatforms) = preSolution
		Debug|Any CPU = Debug|Any CPU
		Release|Any CPU = Release|Any CPU
	EndGlobalSection
	GlobalSection(ProjectConfigurationPlatforms) = postSolution
		{F226DABB-2FCF-410F-A31E-2A625364664A}.Debug|Any CPU.ActiveCfg = Debug|Any CPU
		{F226DABB-2FCF-410F-A31E-2A625364664A}.Debug|Any CPU.Build.0 = Debug|Any CPU
		{F226DABB-2FCF-410F-A31E-2A625364664A}.Release|Any CPU.ActiveCfg = Release|Any CPU
		{F226DABB-2FCF-410F-A31E-2A625364664A}.Release|Any CPU.Build.0 = Release|Any CPU
	EndGlobalSection
	GlobalSection(SolutionProperties) = preSolution
		HideSolutionNode = FALSE
	EndGlobalSection
	GlobalSection(ExtensibilityGlobals) = postSolution
		SolutionGuid = {8D461A51-DA34-42B6-AAD9-E975C481107D}
	EndGlobalSection
EndGlobal
